# This file is automatically @generated by Poetry 2.3.2 and should not be changed by hand.

[[package]]
name = "redis"
version = "7.4.0"
description = "Python client for Redis database and key-value store"
optional = false
python-versions = ">=3.10"
groups = ["main"]
files = [
    {file = "redis-7.4.0-py3-none-any.whl", hash = "sha256:a9c74a5c893a5ef8455a5adb793a31bb70feb821c86eccb62eebef5a19c429ec"},
    {file = "redis-7.4.0.tar.gz", hash = "sha256:64a6ea7bf567ad43c964d2c30d82853f8df927c5c9017766c55a1d1ed95d18ad"},
]

[package.extras]
circuit-breaker = ["pybreaker (>=1.4.0)"]
hiredis = ["hiredis (>=3.2.0)"]
jwt = ["pyjwt (>=2.9.0)"]
ocsp = ["cryptography (>=36.0.1)", "pyopenssl (>=20.0.1)", "requests (>=2.31.0)"]
otel = ["opentelemetry-api (>=1.39.1)", "opentelemetry-exporter-otlp-proto-http (>=1.39.1)", "opentelemetry-sdk (>=1.39.1)"]
xxhash = ["xxhash (>=3.6.0,<3.7.0)"]

[metadata]
lock-version = "2.1"
python-versions = ">=3.13"
content-hash = "60e355b43810ca3cc70ec887938e4d7b614d9ad569b36096777653f742a84d09"
